
Microsoft Visual Studio Solution File, Format Version 12.00
# Visual Studio Version 16
VisualStudioVersion = 16.0.30907.101
MinimumVisualStudioVersion = 10.0.40219.1
Project("{FAE04EC0-301F-11D3-BF4B-00C04F79EFBC}") = "Teste Tecnico Tapps", "Teste Tecnico Tapps.csproj", "{E4345C61-BC76-4D1A-BBBD-3EAF6A0160CE}"
EndProject
Global
	GlobalSection(SolutionConfigurationPlatforms) = preSolution
		Debug|Any CPU = Debug|Any CPU
		Release|Any CPU = Release|Any CPU
	EndGlobalSection
	GlobalSection(ProjectConfigurationPlatforms) = postSolution
		{E4345C61-BC76-4D1A-BBBD-3EAF6A0160CE}.Debug|Any CPU.ActiveCfg = Debug|Any CPU
		{E4345C61-BC76-4D1A-BBBD-3EAF6A0160CE}.Debug|Any CPU.Build.0 = Debug|Any CPU
		{E4345C61-BC76-4D1A-BBBD-3EAF6A0160CE}.Release|Any CPU.ActiveCfg = Release|Any CPU
		{E4345C61-BC76-4D1A-BBBD-3EAF6A0160CE}.Release|Any CPU.Build.0 = Release|Any CPU
	EndGlobalSection
	GlobalSection(SolutionProperties) = preSolution
		HideSolutionNode = FALSE
	EndGlobalSection
	GlobalSection(ExtensibilityGlobals) = postSolution
		SolutionGuid = {7F7D63A1-8459-4D1C-AE91-C613BFC49914}
	EndGlobalSection
EndGlobal
